// !$*UTF8*$!
{
	archiveVersion = 1;
	classes = {
	};
	objectVersion = 42;
	objects = {

/* Begin PBXBuildFile section */
		52B260320BC5A864007E00F1 /* Adornment.cpp in Sources */ = {isa = PBXBuildFile; fileRef = 4C1B9B6406DBF99F00014414 /* Adornment.cpp */; };
		52B260330BC5A864007E00F1 /* Attribute.cpp in Sources */ = {isa = PBXBuildFile; fileRef = 4C134A9606DBF81800FA17D9 /* Attribute.cpp */; };
		52B260340BC5A864007E00F1 /* AttributeCoder.cpp in Sources */ = {isa = PBXBuildFile; fileRef = 4C134A8A06DBF81800FA17D9 /* AttributeCoder.cpp */; };
		52B260350BC5A864007E00F1 /* Cursor.cpp in Sources */ = {isa = PBXBuildFile; fileRef = 4C134A9806DBF81800FA17D9 /* Cursor.cpp */; };
		52B260360BC5A864007E00F1 /* DbValue.cpp in Sources */ = {isa = PBXBuildFile; fileRef = 4C134A9A06DBF81800FA17D9 /* DbValue.cpp */; };
		52B260370BC5A864007E00F1 /* KeyHandle.cpp in Sources */ = {isa = PBXBuildFile; fileRef = 4C3C166E06F61D6F00FC8AAC /* KeyHandle.cpp */; };
		52B260380BC5A864007E00F1 /* MetaAttribute.cpp in Sources */ = {isa = PBXBuildFile; fileRef = 4C134A9C06DBF81800FA17D9 /* MetaAttribute.cpp */; };
		52B260390BC5A864007E00F1 /* MetaRecord.cpp in Sources */ = {isa = PBXBuildFile; fileRef = 4C134A9E06DBF81800FA17D9 /* MetaRecord.cpp */; };
		52B2603A0BC5A864007E00F1 /* Record.cpp in Sources */ = {isa = PBXBuildFile; fileRef = 4C134AA006DBF81800FA17D9 /* Record.cpp */; };
		52B2603B0BC5A864007E00F1 /* RecordHandle.cpp in Sources */ = {isa = PBXBuildFile; fileRef = 4C55BAFC06DEABE500E4200A /* RecordHandle.cpp */; };
		52B2603C0BC5A864007E00F1 /* Relation.cpp in Sources */ = {isa = PBXBuildFile; fileRef = 4C134A8E06DBF81800FA17D9 /* Relation.cpp */; };
		52B2603D0BC5A864007E00F1 /* SCardError.cpp in Sources */ = {isa = PBXBuildFile; fileRef = 4CC3947A0731A4DD00761DEE /* SCardError.cpp */; };
		52B2603E0BC5A864007E00F1 /* Schema.cpp in Sources */ = {isa = PBXBuildFile; fileRef = 4C134AA206DBF81800FA17D9 /* Schema.cpp */; };
		52B2603F0BC5A864007E00F1 /* SelectionPredicate.cpp in Sources */ = {isa = PBXBuildFile; fileRef = 4C134AA406DBF81800FA17D9 /* SelectionPredicate.cpp */; };
		52B260400BC5A864007E00F1 /* Token.cpp in Sources */ = {isa = PBXBuildFile; fileRef = 4C134A9006DBF81800FA17D9 /* Token.cpp */; };
		52B260410BC5A864007E00F1 /* TokenContext.cpp in Sources */ = {isa = PBXBuildFile; fileRef = 4C134A9206DBF81800FA17D9 /* TokenContext.cpp */; };
		52B2604D0BC5A864007E00F1 /* Adornment.h in Headers */ = {isa = PBXBuildFile; fileRef = 4C1B9B6306DBF99F00014414 /* Adornment.h */; settings = {ATTRIBUTES = (Public, ); }; };
		52B2604E0BC5A864007E00F1 /* Attribute.h in Headers */ = {isa = PBXBuildFile; fileRef = 4C134A9706DBF81800FA17D9 /* Attribute.h */; settings = {ATTRIBUTES = (Public, ); }; };
		52B2604F0BC5A864007E00F1 /* AttributeCoder.h in Headers */ = {isa = PBXBuildFile; fileRef = 4C134A8B06DBF81800FA17D9 /* AttributeCoder.h */; settings = {ATTRIBUTES = (Public, ); }; };
		52B260500BC5A864007E00F1 /* Cursor.h in Headers */ = {isa = PBXBuildFile; fileRef = 4C134A9906DBF81800FA17D9 /* Cursor.h */; settings = {ATTRIBUTES = (Public, ); }; };
		52B260510BC5A864007E00F1 /* DbValue.h in Headers */ = {isa = PBXBuildFile; fileRef = 4C134A9B06DBF81800FA17D9 /* DbValue.h */; settings = {ATTRIBUTES = (Public, ); }; };
		52B260520BC5A864007E00F1 /* KeyHandle.h in Headers */ = {isa = PBXBuildFile; fileRef = 4C3C166D06F61D6F00FC8AAC /* KeyHandle.h */; settings = {ATTRIBUTES = (Public, ); }; };
		52B260530BC5A864007E00F1 /* MetaAttribute.h in Headers */ = {isa = PBXBuildFile; fileRef = 4C134A9D06DBF81800FA17D9 /* MetaAttribute.h */; settings = {ATTRIBUTES = (Public, ); }; };
		52B260540BC5A864007E00F1 /* MetaRecord.h in Headers */ = {isa = PBXBuildFile; fileRef = 4C134A9F06DBF81800FA17D9 /* MetaRecord.h */; settings = {ATTRIBUTES = (Public, ); }; };
		52B260550BC5A864007E00F1 /* Record.h in Headers */ = {isa = PBXBuildFile; fileRef = 4C134AA106DBF81800FA17D9 /* Record.h */; settings = {ATTRIBUTES = (Public, ); }; };
		52B260560BC5A864007E00F1 /* RecordHandle.h in Headers */ = {isa = PBXBuildFile; fileRef = 4C55BAFB06DEABE500E4200A /* RecordHandle.h */; settings = {ATTRIBUTES = (Public, ); }; };
		52B260570BC5A864007E00F1 /* Relation.h in Headers */ = {isa = PBXBuildFile; fileRef = 4C134A8F06DBF81800FA17D9 /* Relation.h */; settings = {ATTRIBUTES = (Public, ); }; };
		52B260580BC5A864007E00F1 /* SCardError.h in Headers */ = {isa = PBXBuildFile; fileRef = 4CC394790731A4DD00761DEE /* SCardError.h */; settings = {ATTRIBUTES = (Public, ); }; };
		52B260590BC5A864007E00F1 /* Schema.h in Headers */ = {isa = PBXBuildFile; fileRef = 4C134AA306DBF81800FA17D9 /* Schema.h */; settings = {ATTRIBUTES = (Public, ); }; };
		52B2605A0BC5A864007E00F1 /* SelectionPredicate.h in Headers */ = {isa = PBXBuildFile; fileRef = 4C134AA506DBF81800FA17D9 /* SelectionPredicate.h */; settings = {ATTRIBUTES = (Public, ); }; };
		52B2605B0BC5A864007E00F1 /* Token.h in Headers */ = {isa = PBXBuildFile; fileRef = 4C134A9106DBF81800FA17D9 /* Token.h */; settings = {ATTRIBUTES = (Public, ); }; };
		52B2605C0BC5A864007E00F1 /* TokenContext.h in Headers */ = {isa = PBXBuildFile; fileRef = 4C134A9306DBF81800FA17D9 /* TokenContext.h */; settings = {ATTRIBUTES = (Public, ); }; };
		5B51D6F613041C4500D7135F /* libopensc.dylib in Frameworks */ = {isa = PBXBuildFile; fileRef = 5B51D6F513041C4500D7135F /* libopensc.dylib */; };
		5B59A25B0F4319FB003CD203 /* CoreFoundation.framework in Frameworks */ = {isa = PBXBuildFile; fileRef = 4CA8C4D606D6D19400F1BCC8 /* CoreFoundation.framework */; };
		5B59A27D0F431A9E003CD203 /* opensc_csp_capabilities.mdsinfo in Resources */ = {isa = PBXBuildFile; fileRef = 5B59A26A0F431A9E003CD203 /* opensc_csp_capabilities.mdsinfo */; };
		5B59A27E0F431A9E003CD203 /* opensc_csp_capabilities_common.mds in Resources */ = {isa = PBXBuildFile; fileRef = 5B59A26B0F431A9E003CD203 /* opensc_csp_capabilities_common.mds */; };
		5B59A27F0F431A9E003CD203 /* opensc_csp_primary.mdsinfo in Resources */ = {isa = PBXBuildFile; fileRef = 5B59A26C0F431A9E003CD203 /* opensc_csp_primary.mdsinfo */; };
		5B59A2800F431A9E003CD203 /* opensc_dl_primary.mdsinfo in Resources */ = {isa = PBXBuildFile; fileRef = 5B59A26D0F431A9E003CD203 /* opensc_dl_primary.mdsinfo */; };
		5B59A2810F431A9E003CD203 /* opensc_smartcard.mdsinfo in Resources */ = {isa = PBXBuildFile; fileRef = 5B59A26E0F431A9E003CD203 /* opensc_smartcard.mdsinfo */; };
		5B59A2820F431A9E003CD203 /* opensc.cpp in Sources */ = {isa = PBXBuildFile; fileRef = 5B59A26F0F431A9E003CD203 /* opensc.cpp */; };
		5B59A2840F431A9E003CD203 /* OpenSCKeyHandle.cpp in Sources */ = {isa = PBXBuildFile; fileRef = 5B59A2720F431A9E003CD203 /* OpenSCKeyHandle.cpp */; };
		5B59A2860F431A9E003CD203 /* OpenSCRecord.cpp in Sources */ = {isa = PBXBuildFile; fileRef = 5B59A2760F431A9E003CD203 /* OpenSCRecord.cpp */; };
		5B59A2870F431A9E003CD203 /* OpenSCSchema.cpp in Sources */ = {isa = PBXBuildFile; fileRef = 5B59A2780F431A9E003CD203 /* OpenSCSchema.cpp */; };
		5B59A2880F431A9E003CD203 /* OpenSCToken.cpp in Sources */ = {isa = PBXBuildFile; fileRef = 5B59A27A0F431A9E003CD203 /* OpenSCToken.cpp */; };
		5BB2875410049F3200F41103 /* OpenSCAttributeCoder.cpp in Sources */ = {isa = PBXBuildFile; fileRef = 5BB2875210049F3200F41103 /* OpenSCAttributeCoder.cpp */; };
/* End PBXBuildFile section */

/* Begin PBXContainerItemProxy section */
		52B260DE0BC5A864007E00F1 /* PBXContainerItemProxy */ = {
			isa = PBXContainerItemProxy;
			containerPortal = 08FB7793FE84155DC02AAC07 /* Project object */;
			proxyType = 1;
			remoteGlobalIDString = 52B2604B0BC5A864007E00F1;
			remoteInfo = "tokend (Upgraded)";
		};
		5B59A24C0F4319FB003CD203 /* PBXContainerItemProxy */ = {
			isa = PBXContainerItemProxy;
			containerPortal = 08FB7793FE84155DC02AAC07 /* Project object */;
			proxyType = 1;
			remoteGlobalIDString = 52B2602D0BC5A864007E00F1;
			remoteInfo = "libtokend (Upgraded)";
		};
/* End PBXContainerItemProxy section */

/* Begin PBXFileReference section */
		4C134A8A06DBF81800FA17D9 /* AttributeCoder.cpp */ = {isa = PBXFileReference; fileEncoding = 30; lastKnownFileType = sourcecode.cpp.cpp; path = AttributeCoder.cpp; sourceTree = "<group>"; };
		4C134A8B06DBF81800FA17D9 /* AttributeCoder.h */ = {isa = PBXFileReference; fileEncoding = 30; lastKnownFileType = sourcecode.c.h; path = AttributeCoder.h; sourceTree = "<group>"; };
		4C134A8E06DBF81800FA17D9 /* Relation.cpp */ = {isa = PBXFileReference; fileEncoding = 30; lastKnownFileType = sourcecode.cpp.cpp; path = Relation.cpp; sourceTree = "<group>"; };
		4C134A8F06DBF81800FA17D9 /* Relation.h */ = {isa = PBXFileReference; fileEncoding = 30; lastKnownFileType = sourcecode.c.h; path = Relation.h; sourceTree = "<group>"; };
		4C134A9006DBF81800FA17D9 /* Token.cpp */ = {isa = PBXFileReference; fileEncoding = 30; lastKnownFileType = sourcecode.cpp.cpp; path = Token.cpp; sourceTree = "<group>"; };
		4C134A9106DBF81800FA17D9 /* Token.h */ = {isa = PBXFileReference; fileEncoding = 30; lastKnownFileType = sourcecode.c.h; path = Token.h; sourceTree = "<group>"; };
		4C134A9206DBF81800FA17D9 /* TokenContext.cpp */ = {isa = PBXFileReference; fileEncoding = 30; lastKnownFileType = sourcecode.cpp.cpp; path = TokenContext.cpp; sourceTree = "<group>"; };
		4C134A9306DBF81800FA17D9 /* TokenContext.h */ = {isa = PBXFileReference; fileEncoding = 30; lastKnownFileType = sourcecode.c.h; path = TokenContext.h; sourceTree = "<group>"; };
		4C134A9606DBF81800FA17D9 /* Attribute.cpp */ = {isa = PBXFileReference; fileEncoding = 30; lastKnownFileType = sourcecode.cpp.cpp; path = Attribute.cpp; sourceTree = "<group>"; };
		4C134A9706DBF81800FA17D9 /* Attribute.h */ = {isa = PBXFileReference; fileEncoding = 30; lastKnownFileType = sourcecode.c.h; path = Attribute.h; sourceTree = "<group>"; };
		4C134A9806DBF81800FA17D9 /* Cursor.cpp */ = {isa = PBXFileReference; fileEncoding = 30; lastKnownFileType = sourcecode.cpp.cpp; path = Cursor.cpp; sourceTree = "<group>"; };
		4C134A9906DBF81800FA17D9 /* Cursor.h */ = {isa = PBXFileReference; fileEncoding = 30; lastKnownFileType = sourcecode.c.h; path = Cursor.h; sourceTree = "<group>"; };
		4C134A9A06DBF81800FA17D9 /* DbValue.cpp */ = {isa = PBXFileReference; fileEncoding = 30; lastKnownFileType = sourcecode.cpp.cpp; path = DbValue.cpp; sourceTree = "<group>"; };
		4C134A9B06DBF81800FA17D9 /* DbValue.h */ = {isa = PBXFileReference; fileEncoding = 30; lastKnownFileType = sourcecode.c.h; path = DbValue.h; sourceTree = "<group>"; };
		4C134A9C06DBF81800FA17D9 /* MetaAttribute.cpp */ = {isa = PBXFileReference; fileEncoding = 30; lastKnownFileType = sourcecode.cpp.cpp; path = MetaAttribute.cpp; sourceTree = "<group>"; };
		4C134A9D06DBF81800FA17D9 /* MetaAttribute.h */ = {isa = PBXFileReference; fileEncoding = 30; lastKnownFileType = sourcecode.c.h; path = MetaAttribute.h; sourceTree = "<group>"; };
		4C134A9E06DBF81800FA17D9 /* MetaRecord.cpp */ = {isa = PBXFileReference; fileEncoding = 30; lastKnownFileType = sourcecode.cpp.cpp; path = MetaRecord.cpp; sourceTree = "<group>"; };
		4C134A9F06DBF81800FA17D9 /* MetaRecord.h */ = {isa = PBXFileReference; fileEncoding = 30; lastKnownFileType = sourcecode.c.h; path = MetaRecord.h; sourceTree = "<group>"; };
		4C134AA006DBF81800FA17D9 /* Record.cpp */ = {isa = PBXFileReference; fileEncoding = 30; lastKnownFileType = sourcecode.cpp.cpp; path = Record.cpp; sourceTree = "<group>"; };
		4C134AA106DBF81800FA17D9 /* Record.h */ = {isa = PBXFileReference; fileEncoding = 30; lastKnownFileType = sourcecode.c.h; path = Record.h; sourceTree = "<group>"; };
		4C134AA206DBF81800FA17D9 /* Schema.cpp */ = {isa = PBXFileReference; fileEncoding = 30; lastKnownFileType = sourcecode.cpp.cpp; path = Schema.cpp; sourceTree = "<group>"; };
		4C134AA306DBF81800FA17D9 /* Schema.h */ = {isa = PBXFileReference; fileEncoding = 30; lastKnownFileType = sourcecode.c.h; path = Schema.h; sourceTree = "<group>"; };
		4C134AA406DBF81800FA17D9 /* SelectionPredicate.cpp */ = {isa = PBXFileReference; fileEncoding = 30; lastKnownFileType = sourcecode.cpp.cpp; path = SelectionPredicate.cpp; sourceTree = "<group>"; };
		4C134AA506DBF81800FA17D9 /* SelectionPredicate.h */ = {isa = PBXFileReference; fileEncoding = 30; lastKnownFileType = sourcecode.c.h; path = SelectionPredicate.h; sourceTree = "<group>"; };
		4C1B9B6306DBF99F00014414 /* Adornment.h */ = {isa = PBXFileReference; fileEncoding = 4; lastKnownFileType = sourcecode.c.h; path = Adornment.h; sourceTree = "<group>"; };
		4C1B9B6406DBF99F00014414 /* Adornment.cpp */ = {isa = PBXFileReference; fileEncoding = 4; lastKnownFileType = sourcecode.cpp.cpp; path = Adornment.cpp; sourceTree = "<group>"; };
		4C3C166D06F61D6F00FC8AAC /* KeyHandle.h */ = {isa = PBXFileReference; fileEncoding = 4; lastKnownFileType = sourcecode.c.h; path = KeyHandle.h; sourceTree = "<group>"; };
		4C3C166E06F61D6F00FC8AAC /* KeyHandle.cpp */ = {isa = PBXFileReference; fileEncoding = 4; lastKnownFileType = sourcecode.cpp.cpp; path = KeyHandle.cpp; sourceTree = "<group>"; };
		4C55BAFB06DEABE500E4200A /* RecordHandle.h */ = {isa = PBXFileReference; fileEncoding = 4; lastKnownFileType = sourcecode.c.h; path = RecordHandle.h; sourceTree = "<group>"; };
		4C55BAFC06DEABE500E4200A /* RecordHandle.cpp */ = {isa = PBXFileReference; fileEncoding = 4; lastKnownFileType = sourcecode.cpp.cpp; path = RecordHandle.cpp; sourceTree = "<group>"; };
		4CA858F10654413F0083DED3 /* SecurityTokend.framework */ = {isa = PBXFileReference; lastKnownFileType = wrapper.framework; path = SecurityTokend.framework; sourceTree = BUILT_PRODUCTS_DIR; };
		4CA8C4D606D6D19400F1BCC8 /* CoreFoundation.framework */ = {isa = PBXFileReference; lastKnownFileType = wrapper.framework; name = CoreFoundation.framework; path = /System/Library/Frameworks/CoreFoundation.framework; sourceTree = "<absolute>"; };
		4CBF5CBE0704E76200EEADC2 /* libz.dylib */ = {isa = PBXFileReference; lastKnownFileType = "compiled.mach-o.dylib"; name = libz.dylib; path = /usr/lib/libz.1.dylib; sourceTree = "<absolute>"; };
		4CC394790731A4DD00761DEE /* SCardError.h */ = {isa = PBXFileReference; fileEncoding = 4; lastKnownFileType = sourcecode.c.h; path = SCardError.h; sourceTree = "<group>"; };
		4CC3947A0731A4DD00761DEE /* SCardError.cpp */ = {isa = PBXFileReference; fileEncoding = 4; lastKnownFileType = sourcecode.cpp.cpp; path = SCardError.cpp; sourceTree = "<group>"; };
		523F79EC06D5AC27004256A0 /* security_cdsa_client.framework */ = {isa = PBXFileReference; lastKnownFileType = wrapper.framework; path = security_cdsa_client.framework; sourceTree = BUILT_PRODUCTS_DIR; };
		523F79ED06D5AC27004256A0 /* security_cdsa_utilities.framework */ = {isa = PBXFileReference; lastKnownFileType = wrapper.framework; path = security_cdsa_utilities.framework; sourceTree = BUILT_PRODUCTS_DIR; };
		523F79EE06D5AC27004256A0 /* security_utilities.framework */ = {isa = PBXFileReference; lastKnownFileType = wrapper.framework; path = security_utilities.framework; sourceTree = BUILT_PRODUCTS_DIR; };
		52B2604A0BC5A864007E00F1 /* libtokend.a */ = {isa = PBXFileReference; explicitFileType = archive.ar; includeInIndex = 0; path = libtokend.a; sourceTree = BUILT_PRODUCTS_DIR; };
		52B260620BC5A864007E00F1 /* Info-tokend.plist */ = {isa = PBXFileReference; lastKnownFileType = text.plist.xml; name = "Info-tokend.plist"; path = "../Info-tokend.plist"; sourceTree = "<group>"; };
		52B260630BC5A864007E00F1 /* tokend.framework */ = {isa = PBXFileReference; explicitFileType = wrapper.framework; includeInIndex = 0; path = tokend.framework; sourceTree = BUILT_PRODUCTS_DIR; };
		52CA8342067E8175005A1EBA /* PCSC.framework */ = {isa = PBXFileReference; lastKnownFileType = wrapper.framework; name = PCSC.framework; path = /System/Library/Frameworks/PCSC.framework; sourceTree = "<absolute>"; };
		52CA8343067E8175005A1EBA /* Security.framework */ = {isa = PBXFileReference; lastKnownFileType = wrapper.framework; path = Security.framework; sourceTree = BUILT_PRODUCTS_DIR; };
		52DE698106E93B870024EA03 /* PKCS11Object.h */ = {isa = PBXFileReference; fileEncoding = 4; lastKnownFileType = sourcecode.c.h; path = PKCS11Object.h; sourceTree = "<group>"; };
		52DE698206E93B870024EA03 /* PKCS11Object.cpp */ = {isa = PBXFileReference; fileEncoding = 4; lastKnownFileType = sourcecode.cpp.cpp; path = PKCS11Object.cpp; sourceTree = "<group>"; };
		5B51D6F513041C4500D7135F /* libopensc.dylib */ = {isa = PBXFileReference; lastKnownFileType = "compiled.mach-o.dylib"; name = libopensc.dylib; path = "opensc-src/libopensc/.libs/libopensc.dylib"; sourceTree = SOURCE_ROOT; };
		5B51D6F713041C4500D7135F /* OpenSC.tokend */ = {isa = PBXFileReference; explicitFileType = wrapper.application; includeInIndex = 0; path = OpenSC.tokend; sourceTree = BUILT_PRODUCTS_DIR; };
		5B59A2680F431A9E003CD203 /* Info.plist */ = {isa = PBXFileReference; fileEncoding = 4; lastKnownFileType = text.plist.xml; path = Info.plist; sourceTree = "<group>"; };
		5B59A26A0F431A9E003CD203 /* opensc_csp_capabilities.mdsinfo */ = {isa = PBXFileReference; fileEncoding = 4; lastKnownFileType = text.xml; path = opensc_csp_capabilities.mdsinfo; sourceTree = "<group>"; };
		5B59A26B0F431A9E003CD203 /* opensc_csp_capabilities_common.mds */ = {isa = PBXFileReference; fileEncoding = 4; lastKnownFileType = text.xml; path = opensc_csp_capabilities_common.mds; sourceTree = "<group>"; };
		5B59A26C0F431A9E003CD203 /* opensc_csp_primary.mdsinfo */ = {isa = PBXFileReference; fileEncoding = 4; lastKnownFileType = text.xml; path = opensc_csp_primary.mdsinfo; sourceTree = "<group>"; };
		5B59A26D0F431A9E003CD203 /* opensc_dl_primary.mdsinfo */ = {isa = PBXFileReference; fileEncoding = 4; lastKnownFileType = text.xml; path = opensc_dl_primary.mdsinfo; sourceTree = "<group>"; };
		5B59A26E0F431A9E003CD203 /* opensc_smartcard.mdsinfo */ = {isa = PBXFileReference; fileEncoding = 4; lastKnownFileType = text.xml; path = opensc_smartcard.mdsinfo; sourceTree = "<group>"; };
		5B59A26F0F431A9E003CD203 /* opensc.cpp */ = {isa = PBXFileReference; fileEncoding = 4; lastKnownFileType = sourcecode.cpp.cpp; path = opensc.cpp; sourceTree = "<group>"; };
		5B59A2720F431A9E003CD203 /* OpenSCKeyHandle.cpp */ = {isa = PBXFileReference; fileEncoding = 4; lastKnownFileType = sourcecode.cpp.cpp; path = OpenSCKeyHandle.cpp; sourceTree = "<group>"; };
		5B59A2730F431A9E003CD203 /* OpenSCKeyHandle.h */ = {isa = PBXFileReference; fileEncoding = 4; lastKnownFileType = sourcecode.c.h; path = OpenSCKeyHandle.h; sourceTree = "<group>"; };
		5B59A2760F431A9E003CD203 /* OpenSCRecord.cpp */ = {isa = PBXFileReference; fileEncoding = 4; lastKnownFileType = sourcecode.cpp.cpp; path = OpenSCRecord.cpp; sourceTree = "<group>"; };
		5B59A2770F431A9E003CD203 /* OpenSCRecord.h */ = {isa = PBXFileReference; fileEncoding = 4; lastKnownFileType = sourcecode.c.h; path = OpenSCRecord.h; sourceTree = "<group>"; };
		5B59A2780F431A9E003CD203 /* OpenSCSchema.cpp */ = {isa = PBXFileReference; fileEncoding = 4; lastKnownFileType = sourcecode.cpp.cpp; path = OpenSCSchema.cpp; sourceTree = "<group>"; };
		5B59A2790F431A9E003CD203 /* OpenSCSchema.h */ = {isa = PBXFileReference; fileEncoding = 4; lastKnownFileType = sourcecode.c.h; path = OpenSCSchema.h; sourceTree = "<group>"; };
		5B59A27A0F431A9E003CD203 /* OpenSCToken.cpp */ = {isa = PBXFileReference; fileEncoding = 4; lastKnownFileType = sourcecode.cpp.cpp; path = OpenSCToken.cpp; sourceTree = "<group>"; };
		5B59A27B0F431A9E003CD203 /* OpenSCToken.h */ = {isa = PBXFileReference; fileEncoding = 4; lastKnownFileType = sourcecode.c.h; path = OpenSCToken.h; sourceTree = "<group>"; };
		5BB2875210049F3200F41103 /* OpenSCAttributeCoder.cpp */ = {isa = PBXFileReference; fileEncoding = 4; lastKnownFileType = sourcecode.cpp.cpp; path = OpenSCAttributeCoder.cpp; sourceTree = "<group>"; };
		5BB2875310049F3200F41103 /* OpenSCAttributeCoder.h */ = {isa = PBXFileReference; fileEncoding = 4; lastKnownFileType = sourcecode.c.h; path = OpenSCAttributeCoder.h; sourceTree = "<group>"; };
/* End PBXFileReference section */

/* Begin PBXFrameworksBuildPhase section */
		5B59A25A0F4319FB003CD203 /* Frameworks */ = {
			isa = PBXFrameworksBuildPhase;
			buildActionMask = 2147483647;
			files = (
				5B59A25B0F4319FB003CD203 /* CoreFoundation.framework in Frameworks */,
				5B51D6F613041C4500D7135F /* libopensc.dylib in Frameworks */,
			);
			runOnlyForDeploymentPostprocessing = 0;
		};
/* End PBXFrameworksBuildPhase section */

/* Begin PBXGroup section */
		08FB7794FE84155DC02AAC07 /* OpenSCTokend */ = {
			isa = PBXGroup;
			children = (
				5B59A2670F431A9E003CD203 /* OpenSC */,
				4C134A8706DBF81800FA17D9 /* Tokend */,
				4CA858F0065441220083DED3 /* External Frameworks */,
				4C415098073061D6004C9490 /* External Libraries */,
				1AB674ADFE9D54B511CA2CBB /* Products */,
			);
			name = OpenSCTokend;
			sourceTree = "<group>";
		};
		1AB674ADFE9D54B511CA2CBB /* Products */ = {
			isa = PBXGroup;
			children = (
				52B2604A0BC5A864007E00F1 /* libtokend.a */,
				52B260630BC5A864007E00F1 /* tokend.framework */,
				5B51D6F713041C4500D7135F /* OpenSC.tokend */,
			);
			name = Products;
			sourceTree = "<group>";
		};
		4C134A8706DBF81800FA17D9 /* Tokend */ = {
			isa = PBXGroup;
			children = (
				52B260620BC5A864007E00F1 /* Info-tokend.plist */,
				4C1B9B6406DBF99F00014414 /* Adornment.cpp */,
				4C1B9B6306DBF99F00014414 /* Adornment.h */,
				4C134A9606DBF81800FA17D9 /* Attribute.cpp */,
				4C134A9706DBF81800FA17D9 /* Attribute.h */,
				4C134A8A06DBF81800FA17D9 /* AttributeCoder.cpp */,
				4C134A8B06DBF81800FA17D9 /* AttributeCoder.h */,
				4C134A9806DBF81800FA17D9 /* Cursor.cpp */,
				4C134A9906DBF81800FA17D9 /* Cursor.h */,
				4C134A9A06DBF81800FA17D9 /* DbValue.cpp */,
				4C134A9B06DBF81800FA17D9 /* DbValue.h */,
				4C3C166E06F61D6F00FC8AAC /* KeyHandle.cpp */,
				4C3C166D06F61D6F00FC8AAC /* KeyHandle.h */,
				4C134A9C06DBF81800FA17D9 /* MetaAttribute.cpp */,
				4C134A9D06DBF81800FA17D9 /* MetaAttribute.h */,
				4C134A9E06DBF81800FA17D9 /* MetaRecord.cpp */,
				4C134A9F06DBF81800FA17D9 /* MetaRecord.h */,
				52DE698206E93B870024EA03 /* PKCS11Object.cpp */,
				52DE698106E93B870024EA03 /* PKCS11Object.h */,
				4C134AA006DBF81800FA17D9 /* Record.cpp */,
				4C134AA106DBF81800FA17D9 /* Record.h */,
				4C55BAFC06DEABE500E4200A /* RecordHandle.cpp */,
				4C55BAFB06DEABE500E4200A /* RecordHandle.h */,
				4C134A8E06DBF81800FA17D9 /* Relation.cpp */,
				4C134A8F06DBF81800FA17D9 /* Relation.h */,
				4CC3947A0731A4DD00761DEE /* SCardError.cpp */,
				4CC394790731A4DD00761DEE /* SCardError.h */,
				4C134AA206DBF81800FA17D9 /* Schema.cpp */,
				4C134AA306DBF81800FA17D9 /* Schema.h */,
				4C134AA406DBF81800FA17D9 /* SelectionPredicate.cpp */,
				4C134AA506DBF81800FA17D9 /* SelectionPredicate.h */,
				4C134A9006DBF81800FA17D9 /* Token.cpp */,
				4C134A9106DBF81800FA17D9 /* Token.h */,
				4C134A9206DBF81800FA17D9 /* TokenContext.cpp */,
				4C134A9306DBF81800FA17D9 /* TokenContext.h */,
			);
			path = Tokend;
			sourceTree = "<group>";
		};
		4C415098073061D6004C9490 /* External Libraries */ = {
			isa = PBXGroup;
			children = (
				5B51D6F513041C4500D7135F /* libopensc.dylib */,
				4CBF5CBE0704E76200EEADC2 /* libz.dylib */,
			);
			name = "External Libraries";
			sourceTree = "<group>";
		};
		4CA858F0065441220083DED3 /* External Frameworks */ = {
			isa = PBXGroup;
			children = (
				4CA8C4D606D6D19400F1BCC8 /* CoreFoundation.framework */,
				523F79EC06D5AC27004256A0 /* security_cdsa_client.framework */,
				523F79ED06D5AC27004256A0 /* security_cdsa_utilities.framework */,
				523F79EE06D5AC27004256A0 /* security_utilities.framework */,
				52CA8342067E8175005A1EBA /* PCSC.framework */,
				52CA8343067E8175005A1EBA /* Security.framework */,
				4CA858F10654413F0083DED3 /* SecurityTokend.framework */,
			);
			name = "External Frameworks";
			sourceTree = "<group>";
		};
		5B59A2670F431A9E003CD203 /* OpenSC */ = {
			isa = PBXGroup;
			children = (
				5BB2875210049F3200F41103 /* OpenSCAttributeCoder.cpp */,
				5BB2875310049F3200F41103 /* OpenSCAttributeCoder.h */,
				5B59A2680F431A9E003CD203 /* Info.plist */,
				5B59A2690F431A9E003CD203 /* mds */,
				5B59A26F0F431A9E003CD203 /* opensc.cpp */,
				5B59A2720F431A9E003CD203 /* OpenSCKeyHandle.cpp */,
				5B59A2730F431A9E003CD203 /* OpenSCKeyHandle.h */,
				5B59A2760F431A9E003CD203 /* OpenSCRecord.cpp */,
				5B59A2770F431A9E003CD203 /* OpenSCRecord.h */,
				5B59A2780F431A9E003CD203 /* OpenSCSchema.cpp */,
				5B59A2790F431A9E003CD203 /* OpenSCSchema.h */,
				5B59A27A0F431A9E003CD203 /* OpenSCToken.cpp */,
				5B59A27B0F431A9E003CD203 /* OpenSCToken.h */,
			);
			path = OpenSC;
			sourceTree = "<group>";
		};
		5B59A2690F431A9E003CD203 /* mds */ = {
			isa = PBXGroup;
			children = (
				5B59A26A0F431A9E003CD203 /* opensc_csp_capabilities.mdsinfo */,
				5B59A26B0F431A9E003CD203 /* opensc_csp_capabilities_common.mds */,
				5B59A26C0F431A9E003CD203 /* opensc_csp_primary.mdsinfo */,
				5B59A26D0F431A9E003CD203 /* opensc_dl_primary.mdsinfo */,
				5B59A26E0F431A9E003CD203 /* opensc_smartcard.mdsinfo */,
			);
			path = mds;
			sourceTree = "<group>";
		};
/* End PBXGroup section */

/* Begin PBXHeadersBuildPhase section */
		52B2604C0BC5A864007E00F1 /* Headers */ = {
			isa = PBXHeadersBuildPhase;
			buildActionMask = 2147483647;
			files = (
				52B2604D0BC5A864007E00F1 /* Adornment.h in Headers */,
				52B2604E0BC5A864007E00F1 /* Attribute.h in Headers */,
				52B2604F0BC5A864007E00F1 /* AttributeCoder.h in Headers */,
				52B260500BC5A864007E00F1 /* Cursor.h in Headers */,
				52B260510BC5A864007E00F1 /* DbValue.h in Headers */,
				52B260520BC5A864007E00F1 /* KeyHandle.h in Headers */,
				52B260530BC5A864007E00F1 /* MetaAttribute.h in Headers */,
				52B260540BC5A864007E00F1 /* MetaRecord.h in Headers */,
				52B260550BC5A864007E00F1 /* Record.h in Headers */,
				52B260560BC5A864007E00F1 /* RecordHandle.h in Headers */,
				52B260570BC5A864007E00F1 /* Relation.h in Headers */,
				52B260580BC5A864007E00F1 /* SCardError.h in Headers */,
				52B260590BC5A864007E00F1 /* Schema.h in Headers */,
				52B2605A0BC5A864007E00F1 /* SelectionPredicate.h in Headers */,
				52B2605B0BC5A864007E00F1 /* Token.h in Headers */,
				52B2605C0BC5A864007E00F1 /* TokenContext.h in Headers */,
			);
			runOnlyForDeploymentPostprocessing = 0;
		};
/* End PBXHeadersBuildPhase section */

/* Begin PBXNativeTarget section */
		52B2602D0BC5A864007E00F1 /* libtokend */ = {
			isa = PBXNativeTarget;
			buildConfigurationList = 52B260450BC5A864007E00F1 /* Build configuration list for PBXNativeTarget "libtokend" */;
			buildPhases = (
				52B260310BC5A864007E00F1 /* Sources */,
				52B260430BC5A864007E00F1 /* ShellScript */,
				52B260440BC5A864007E00F1 /* ShellScript */,
			);
			buildRules = (
			);
			dependencies = (
				52B260DF0BC5A864007E00F1 /* PBXTargetDependency */,
			);
			name = libtokend;
			productName = libtokend;
			productReference = 52B2604A0BC5A864007E00F1 /* libtokend.a */;
			productType = "com.apple.product-type.library.static";
		};
		52B2604B0BC5A864007E00F1 /* tokend */ = {
			isa = PBXNativeTarget;
			buildConfigurationList = 52B2605D0BC5A864007E00F1 /* Build configuration list for PBXNativeTarget "tokend" */;
			buildPhases = (
				52B2604C0BC5A864007E00F1 /* Headers */,
			);
			buildRules = (
			);
			dependencies = (
			);
			name = tokend;
			productName = tokend;
			productReference = 52B260630BC5A864007E00F1 /* tokend.framework */;
			productType = "com.apple.product-type.framework";
		};
		5B59A24A0F4319FB003CD203 /* OpenSC */ = {
			isa = PBXNativeTarget;
			buildConfigurationList = 5B59A25C0F4319FB003CD203 /* Build configuration list for PBXNativeTarget "OpenSC" */;
			buildPhases = (
				5B59A24D0F4319FB003CD203 /* Resources */,
				5B59A2530F4319FB003CD203 /* Sources */,
				5B59A25A0F4319FB003CD203 /* Frameworks */,
			);
			buildRules = (
			);
			dependencies = (
				5B59A24B0F4319FB003CD203 /* PBXTargetDependency */,
			);
			name = OpenSC;
			productName = "Common Access Card";
			productReference = 5B51D6F713041C4500D7135F /* OpenSC.tokend */;
			productType = "com.apple.product-type.application";
		};
/* End PBXNativeTarget section */

/* Begin PBXProject section */
		08FB7793FE84155DC02AAC07 /* Project object */ = {
			isa = PBXProject;
			buildConfigurationList = C27AD2220987FCDC001272E0 /* Build configuration list for PBXProject "Tokend" */;
			compatibilityVersion = "Xcode 2.4";
			developmentRegion = English;
			hasScannedForEncodings = 1;
			knownRegions = (
				English,
				Japanese,
				French,
				German,
			);
			mainGroup = 08FB7794FE84155DC02AAC07 /* OpenSCTokend */;
			projectDirPath = "";
			projectRoot = "";
			targets = (
				52B2602D0BC5A864007E00F1 /* libtokend */,
				52B2604B0BC5A864007E00F1 /* tokend */,
				5B59A24A0F4319FB003CD203 /* OpenSC */,
			);
		};
/* End PBXProject section */

/* Begin PBXResourcesBuildPhase section */
		5B59A24D0F4319FB003CD203 /* Resources */ = {
			isa = PBXResourcesBuildPhase;
			buildActionMask = 2147483647;
			files = (
				5B59A27D0F431A9E003CD203 /* opensc_csp_capabilities.mdsinfo in Resources */,
				5B59A27E0F431A9E003CD203 /* opensc_csp_capabilities_common.mds in Resources */,
				5B59A27F0F431A9E003CD203 /* opensc_csp_primary.mdsinfo in Resources */,
				5B59A2800F431A9E003CD203 /* opensc_dl_primary.mdsinfo in Resources */,
				5B59A2810F431A9E003CD203 /* opensc_smartcard.mdsinfo in Resources */,
			);
			runOnlyForDeploymentPostprocessing = 0;
		};
/* End PBXResourcesBuildPhase section */

/* Begin PBXShellScriptBuildPhase section */
		52B260430BC5A864007E00F1 /* ShellScript */ = {
			isa = PBXShellScriptBuildPhase;
			buildActionMask = 2147483647;
			files = (
			);
			inputPaths = (
			);
			outputPaths = (
			);
			runOnlyForDeploymentPostprocessing = 0;
			shellPath = /bin/sh;
			shellScript = "for variant in ${BUILD_VARIANTS}\ndo\n\tpostfix=`echo _${variant} | sed 's/_normal//'`\n\tfrmwk=\"${BUILT_PRODUCTS_DIR}/${PRODUCT_NAME}.framework\"\n\tversa=\"${frmwk}/Versions/A\"\n\tcp \"${BUILT_PRODUCTS_DIR}/lib${PRODUCT_NAME}${postfix}.a\" \"${versa}/${PRODUCT_NAME}${postfix}\"\n\tln -fs \"${versa}/${PRODUCT_NAME}${postfix}\" ${frmwk}/${PRODUCT_NAME}${postfix}\n\tnmedit -p \"${versa}/${PRODUCT_NAME}${postfix}\"\n\tranlib    \"${versa}/${PRODUCT_NAME}${postfix}\"\ndone";
			showEnvVarsInLog = 0;
		};
		52B260440BC5A864007E00F1 /* ShellScript */ = {
			isa = PBXShellScriptBuildPhase;
			buildActionMask = 8;
			files = (
			);
			inputPaths = (
			);
			outputPaths = (
			);
			runOnlyForDeploymentPostprocessing = 1;
			shellPath = /bin/sh;
			shellScript = "for variant in ${BUILD_VARIANTS}\ndo\n\tpostfix=`echo _${variant} | sed 's/_normal//'`\n\tcp -p \"${SYMROOT}/${PRODUCT_NAME}${postfix}\" \"${DSTROOT}/usr/local/SecurityPieces/Frameworks/${PRODUCT_NAME}.framework/Versions/A\"\n\tranlib \"${DSTROOT}/usr/local/SecurityPieces/Frameworks/${PRODUCT_NAME}.framework/Versions/A/${PRODUCT_NAME}${postfix}\"\n\tln -fs \"Versions/Current/${PRODUCT_NAME}${postfix}\" \"${DSTROOT}/usr/local/SecurityPieces/Frameworks/${PRODUCT_NAME}.framework\"\ndone";
			showEnvVarsInLog = 0;
		};
/* End PBXShellScriptBuildPhase section */

/* Begin PBXSourcesBuildPhase section */
		52B260310BC5A864007E00F1 /* Sources */ = {
			isa = PBXSourcesBuildPhase;
			buildActionMask = 2147483647;
			files = (
				52B260320BC5A864007E00F1 /* Adornment.cpp in Sources */,
				52B260330BC5A864007E00F1 /* Attribute.cpp in Sources */,
				52B260340BC5A864007E00F1 /* AttributeCoder.cpp in Sources */,
				52B260350BC5A864007E00F1 /* Cursor.cpp in Sources */,
				52B260360BC5A864007E00F1 /* DbValue.cpp in Sources */,
				52B260370BC5A864007E00F1 /* KeyHandle.cpp in Sources */,
				52B260380BC5A864007E00F1 /* MetaAttribute.cpp in Sources */,
				52B260390BC5A864007E00F1 /* MetaRecord.cpp in Sources */,
				52B2603A0BC5A864007E00F1 /* Record.cpp in Sources */,
				52B2603B0BC5A864007E00F1 /* RecordHandle.cpp in Sources */,
				52B2603C0BC5A864007E00F1 /* Relation.cpp in Sources */,
				52B2603D0BC5A864007E00F1 /* SCardError.cpp in Sources */,
				52B2603E0BC5A864007E00F1 /* Schema.cpp in Sources */,
				52B2603F0BC5A864007E00F1 /* SelectionPredicate.cpp in Sources */,
				52B260400BC5A864007E00F1 /* Token.cpp in Sources */,
				52B260410BC5A864007E00F1 /* TokenContext.cpp in Sources */,
			);
			runOnlyForDeploymentPostprocessing = 0;
		};
		5B59A2530F4319FB003CD203 /* Sources */ = {
			isa = PBXSourcesBuildPhase;
			buildActionMask = 2147483647;
			files = (
				5B59A2820F431A9E003CD203 /* opensc.cpp in Sources */,
				5B59A2840F431A9E003CD203 /* OpenSCKeyHandle.cpp in Sources */,
				5B59A2860F431A9E003CD203 /* OpenSCRecord.cpp in Sources */,
				5B59A2870F431A9E003CD203 /* OpenSCSchema.cpp in Sources */,
				5B59A2880F431A9E003CD203 /* OpenSCToken.cpp in Sources */,
				5BB2875410049F3200F41103 /* OpenSCAttributeCoder.cpp in Sources */,
			);
			runOnlyForDeploymentPostprocessing = 0;
		};
/* End PBXSourcesBuildPhase section */

/* Begin PBXTargetDependency section */
		52B260DF0BC5A864007E00F1 /* PBXTargetDependency */ = {
			isa = PBXTargetDependency;
			target = 52B2604B0BC5A864007E00F1 /* tokend */;
			targetProxy = 52B260DE0BC5A864007E00F1 /* PBXContainerItemProxy */;
		};
		5B59A24B0F4319FB003CD203 /* PBXTargetDependency */ = {
			isa = PBXTargetDependency;
			target = 52B2602D0BC5A864007E00F1 /* libtokend */;
			targetProxy = 5B59A24C0F4319FB003CD203 /* PBXContainerItemProxy */;
		};
/* End PBXTargetDependency section */

/* Begin XCBuildConfiguration section */
		52B260460BC5A864007E00F1 /* Development */ = {
			isa = XCBuildConfiguration;
			buildSettings = {
				BUILD_VARIANTS = debug;
				CURRENT_PROJECT_VERSION = 35209;
				FRAMEWORK_SEARCH_PATHS = build;
				GCC_DYNAMIC_NO_PIC = NO;
				GCC_ENABLE_FIX_AND_CONTINUE = YES;
				GCC_GENERATE_DEBUGGING_SYMBOLS = YES;
				GCC_PREPROCESSOR_DEFINITIONS = LIMITED_SIGNING;
				LIBRARY_STYLE = STATIC;
				OPT_CFLAGS = "-DNDEBUG -Os $(OPT_INLINEFLAGS)";
				OPT_CPPFLAGS = "$(OPT_CFLAGS)";
				OPT_INLINEFLAGS = "-finline-functions";
				OPT_LDFLAGS = "-dead_strip";
				OTHER_ASFLAGS_debug = "$(OTHER_CFLAGS)";
				OTHER_ASFLAGS_normal = "-DNDEBUG $(OTHER_CFLAGS)";
				OTHER_ASFLAGS_profile = "-DNDEBUG $(OTHER_CFLAGS) -pg";
				OTHER_CFLAGS = "";
				OTHER_CFLAGS_debug = "$(OTHER_CFLAGS) -O0 -fno-inline";
				OTHER_CFLAGS_nopic = "-mdynamic-no-pic $(OPT_CFLAGS) $(OTHER_CFLAGS)";
				OTHER_CFLAGS_normal = "$(OPT_CFLAGS)  $(OTHER_CFLAGS)";
				OTHER_CFLAGS_profile = "$(OPT_CFLAGS)  $(OTHER_CFLAGS) -pg";
				OTHER_CPLUSPLUSFLAGS_debug = "$(OTHER_CFLAGS) -O0 -fno-inline";
				OTHER_CPLUSPLUSFLAGS_nopic = "-mdynamic-no-pic $(OPT_CPPFLAGS) $(OTHER_CFLAGS)";
				OTHER_CPLUSPLUSFLAGS_normal = "$(OPT_CPPFLAGS) $(OTHER_CFLAGS)";
				OTHER_CPLUSPLUSFLAGS_profile = "$(OPT_CPPFLAGS) $(OTHER_CFLAGS) -pg";
				OTHER_LDFLAGS_debug = "$(OTHER_LDFLAGS)";
				OTHER_LDFLAGS_nopic = "$(OPT_LDFLAGS) $(OTHER_LDFLAGS)";
				OTHER_LDFLAGS_normal = "$(OPT_LDFLAGS) $(OTHER_LDFLAGS)";
				OTHER_LDFLAGS_profile = "$(OPT_LDFLAGS) $(OTHER_LDFLAGS) -pg";
				PRODUCT_NAME = tokend;
				VERSIONING_SYSTEM = "apple-generic";
				WARNING_CFLAGS = (
					"-Wmost",
					"-Wno-four-char-constants",
					"-Wno-unknown-pragmas",
				);
				ZERO_LINK = YES;
			};
			name = Development;
		};
		52B260470BC5A864007E00F1 /* Deployment */ = {
			isa = XCBuildConfiguration;
			buildSettings = {
				BUILD_VARIANTS = (
					normal,
					debug,
					nopic,
				);
				COPY_PHASE_STRIP = YES;
				CURRENT_PROJECT_VERSION = 35209;
				FRAMEWORK_SEARCH_PATHS = build;
				GCC_DEBUGGING_SYMBOLS = default;
				GCC_ENABLE_FIX_AND_CONTINUE = NO;
				GCC_PREPROCESSOR_DEFINITIONS = LIMITED_SIGNING;
				LIBRARY_STYLE = STATIC;
				OPT_CFLAGS = "-DNDEBUG -Os $(OPT_INLINEFLAGS)";
				OPT_CPPFLAGS = "$(OPT_CFLAGS)";
				OPT_INLINEFLAGS = "-finline-functions";
				OPT_LDFLAGS = "-dead_strip";
				OTHER_ASFLAGS_debug = "$(OTHER_CFLAGS)";
				OTHER_ASFLAGS_normal = "-DNDEBUG $(OTHER_CFLAGS)";
				OTHER_ASFLAGS_profile = "-DNDEBUG $(OTHER_CFLAGS) -pg";
				OTHER_CFLAGS = "";
				OTHER_CFLAGS_debug = "$(OTHER_CFLAGS) -O0 -fno-inline";
				OTHER_CFLAGS_nopic = "-mdynamic-no-pic $(OPT_CFLAGS) $(OTHER_CFLAGS)";
				OTHER_CFLAGS_normal = "$(OPT_CFLAGS)  $(OTHER_CFLAGS)";
				OTHER_CFLAGS_profile = "\U0001$(OPT_CFLAGS)  $(OTHER_CFLAGS) -pg";
				OTHER_CPLUSPLUSFLAGS_debug = "$(OTHER_CFLAGS) -O0 -fno-inline";
				OTHER_CPLUSPLUSFLAGS_nopic = "-mdynamic-no-pic $(OPT_CPPFLAGS) $(OTHER_CFLAGS)";
				OTHER_CPLUSPLUSFLAGS_normal = "$(OPT_CPPFLAGS) $(OTHER_CFLAGS)";
				OTHER_CPLUSPLUSFLAGS_profile = "$(OPT_CPPFLAGS) $(OTHER_CFLAGS) -pg";
				OTHER_LDFLAGS_debug = "$(OTHER_LDFLAGS)";
				OTHER_LDFLAGS_nopic = "-dead_strip $(OPT_LDFLAGS) $(OTHER_LDFLAGS)";
				OTHER_LDFLAGS_normal = "$(OPT_LDFLAGS) $(OTHER_LDFLAGS)";
				OTHER_LDFLAGS_profile = "$(OPT_LDFLAGS) $(OTHER_LDFLAGS) -pg";
				PRODUCT_NAME = tokend;
				VERSIONING_SYSTEM = "apple-generic";
				WARNING_CFLAGS = (
					"-Wmost",
					"-Wno-four-char-constants",
					"-Wno-unknown-pragmas",
				);
				ZERO_LINK = NO;
			};
			name = Deployment;
		};
		52B2605E0BC5A864007E00F1 /* Development */ = {
			isa = XCBuildConfiguration;
			buildSettings = {
				FRAMEWORK_SEARCH_PATHS = build;
				FRAMEWORK_VERSION = A;
				GCC_ENABLE_FIX_AND_CONTINUE = YES;
				GCC_SYMBOLS_PRIVATE_EXTERN = NO;
				INFOPLIST_FILE = "Info-tokend.plist";
				PRODUCT_NAME = tokend;
				WRAPPER_EXTENSION = framework;
				ZERO_LINK = YES;
			};
			name = Development;
		};
		52B2605F0BC5A864007E00F1 /* Deployment */ = {
			isa = XCBuildConfiguration;
			buildSettings = {
				FRAMEWORK_VERSION = A;
				GCC_DEBUGGING_SYMBOLS = default;
				GCC_ENABLE_FIX_AND_CONTINUE = NO;
				GCC_SYMBOLS_PRIVATE_EXTERN = NO;
				INFOPLIST_FILE = "Info-tokend.plist";
				PRODUCT_NAME = tokend;
				WRAPPER_EXTENSION = framework;
				ZERO_LINK = NO;
			};
			name = Deployment;
		};
		5B59A25D0F4319FB003CD203 /* Development */ = {
			isa = XCBuildConfiguration;
			buildSettings = {
				ALWAYS_SEARCH_USER_PATHS = YES;
				BUILD_VARIANTS = debug;
				COPY_PHASE_STRIP = NO;
				CURRENT_PROJECT_VERSION = 35209;
				FRAMEWORK_SEARCH_PATHS = build;
				GCC_DYNAMIC_NO_PIC = NO;
				GCC_ENABLE_FIX_AND_CONTINUE = YES;
				GCC_GENERATE_DEBUGGING_SYMBOLS = YES;
				GCC_OPTIMIZATION_LEVEL = 0;
				GCC_WARN_ABOUT_MISSING_PROTOTYPES = YES;
				GCC_WARN_CHECK_SWITCH_STATEMENTS = YES;
				GCC_WARN_HIDDEN_VIRTUAL_FUNCTIONS = YES;
				GCC_WARN_INHIBIT_ALL_WARNINGS = NO;
				GCC_WARN_INITIALIZER_NOT_FULLY_BRACKETED = YES;
				GCC_WARN_MISSING_PARENTHESES = YES;
				GCC_WARN_NON_VIRTUAL_DESTRUCTOR = YES;
				GCC_WARN_PEDANTIC = NO;
				GCC_WARN_SHADOW = NO;
				GCC_WARN_SIGN_COMPARE = YES;
				GCC_WARN_TYPECHECK_CALLS_TO_PRINTF = YES;
				GCC_WARN_UNINITIALIZED_AUTOS = NO;
				GCC_WARN_UNKNOWN_PRAGMAS = YES;
				GCC_WARN_UNUSED_FUNCTION = YES;
				GCC_WARN_UNUSED_LABEL = YES;
				GCC_WARN_UNUSED_PARAMETER = YES;
				GCC_WARN_UNUSED_VALUE = YES;
				GCC_WARN_UNUSED_VARIABLE = YES;
				INFOPLIST_FILE = OpenSC/Info.plist;
/*				INSTALL_PATH = "$(SYSTEM_LIBRARY_DIR)/Security/tokend"; */
				LIBRARY_SEARCH_PATHS = (
					"$(inherited)",
					"$(LIBRARY_SEARCH_PATHS_QUOTED_1)",
					"$(LIBRARY_SEARCH_PATHS_QUOTED_FOR_TARGET_1)",
				);
				LIBRARY_SEARCH_PATHS_QUOTED_1 = "\"$(LOCAL_LIBRARY_DIR)/OpenSC/lib\"";
				LIBRARY_SEARCH_PATHS_QUOTED_FOR_TARGET_1 = "\"$(SRCROOT)/../src/libopensc/.libs\"";
				OPT_CPPXFLAGS = "$(OPT_CXFLAGS) -fno-enforce-eh-specs -fno-implement-inlines";
				OPT_CXFLAGS = "-DNDEBUG $(OPT_INLINEXFLAGS)";
				OPT_INLINEXFLAGS = " -finline-functions";
				OPT_LDXFLAGS = "-dead_strip";
				OPT_LDXNOPIC = ",_nopic";
				OTHER_ASFLAGS_debug = "$(OTHER_CFLAGS)";
				OTHER_ASFLAGS_normal = "$(OTHER_CFLAGS) -DNDEBUG";
				OTHER_ASFLAGS_profile = "-DNDEBUG $(OTHER_CFLAGS) -pg";
				OTHER_CFLAGS_debug = "$(OTHER_CFLAGS) -O0 -fno-inline";
				OTHER_CFLAGS_normal = "$(OPT_CXFLAGS) $(OTHER_CFLAGS)";
				OTHER_CFLAGS_profile = "$(OPT_CXFLAGS) $(OTHER_CFLAGS) -pg";
				OTHER_CPLUSPLUSFLAGS_debug = "$(OTHER_CPLUSPLUSFLAGS) -O0 -fno-inline";
				OTHER_CPLUSPLUSFLAGS_normal = "$(OPT_CPPXFLAGS) $(OTHER_CPLUSPLUSFLAGS)";
				OTHER_CPLUSPLUSFLAGS_profile = "$(OPT_CPPXFLAGS) $(OTHER_CPLUSPLUSFLAGS) -pg";
				OTHER_LDFLAGS_debug = "$(OTHER_LDFLAGS) -framework tokend,_debug -framework PCSC,_debug -framework SecurityTokend,_debug -framework Security,_debug -framework security_cdsa_client,_debug -framework security_cdsa_utilities,_debug -framework security_utilities,_debug";
				OTHER_LDFLAGS_normal = "$(OPT_LDXFLAGS) $(OTHER_LDFLAGS) -framework tokend -framework PCSC -framework SecurityTokend -framework Security -framework security_cdsa_client$(OPT_LDXNOPIC) -framework security_cdsa_utilities$(OPT_LDXNOPIC) -framework security_utilities$(OPT_LDXNOPIC)";
				OTHER_LDFLAGS_profile = "$(OPT_LDXFLAGS) $(OTHER_LDFLAGS) -pg -framework tokend,_profile -framework PCSC,_profile -framework SecurityTokend,_profile -framework Security,_profile -framework security_cdsa_client,_profile  -framework security_cdsa_utilities,_profile -framework security_utilities,_profile";
				PRODUCT_NAME = OpenSC;
				VERSIONING_SYSTEM = "apple-generic";
				WARNING_CFLAGS = (
					"-Wmost",
					"-Wno-four-char-constants",
					"-Wno-unknown-pragmas",
				);
				WRAPPER_EXTENSION = tokend;
				ZERO_LINK = NO;
			};
			name = Development;
		};
		5B59A25E0F4319FB003CD203 /* Deployment */ = {
			isa = XCBuildConfiguration;
			buildSettings = {
				BUILD_VARIANTS = (
					normal,
					debug,
				);
				CURRENT_PROJECT_VERSION = 35209;
				FRAMEWORK_SEARCH_PATHS = build;
				GCC_DYNAMIC_NO_PIC = YES;
				GCC_ENABLE_FIX_AND_CONTINUE = NO;
				HEADER_SEARCH_PATHS = "$(BUILD_DIR)/opensc-src";
				INFOPLIST_FILE = OpenSC/Info.plist;
/*				INSTALL_PATH = "$(SYSTEM_LIBRARY_DIR)/Security/tokend"; */
				LIBRARY_SEARCH_PATHS = (
					"$(LIBRARY_SEARCH_PATHS_QUOTED_FOR_TARGET_1)",
					/Library/OpenSC/lib,
				);
				LIBRARY_SEARCH_PATHS_QUOTED_FOR_TARGET_1 = "\"$(SRCROOT)/../src/libopensc/.libs\"";
				OPT_CPPXFLAGS = "$(OPT_CXFLAGS) -fno-enforce-eh-specs -fno-implement-inlines";
				OPT_CXFLAGS = "-DNDEBUG $(OPT_INLINEXFLAGS)";
				OPT_INLINEXFLAGS = " -finline-functions";
				OPT_LDXFLAGS = "-dead_strip";
				OPT_LDXNOPIC = ",_nopic";
				OTHER_ASFLAGS_debug = "$(OTHER_CFLAGS)";
				OTHER_ASFLAGS_normal = "$(OTHER_CFLAGS) -DNDEBUG";
				OTHER_ASFLAGS_profile = "-DNDEBUG $(OTHER_CFLAGS) -pg";
				OTHER_CFLAGS_debug = "$(OTHER_CFLAGS) -O0 -fno-inline";
				OTHER_CFLAGS_normal = "$(OPT_CXFLAGS) $(OTHER_CFLAGS)";
				OTHER_CFLAGS_profile = "$(OPT_CXFLAGS) $(OTHER_CFLAGS) -pg";
				OTHER_CPLUSPLUSFLAGS_debug = "$(OTHER_CPLUSPLUSFLAGS) -O0 -fno-inline";
				OTHER_CPLUSPLUSFLAGS_normal = "$(OPT_CPPXFLAGS) $(OTHER_CPLUSPLUSFLAGS)";
				OTHER_CPLUSPLUSFLAGS_profile = "$(OPT_CPPXFLAGS) $(OTHER_CPLUSPLUSFLAGS) -pg";
				OTHER_LDFLAGS_debug = "$(OTHER_LDFLAGS) -framework  tokend,_debug -framework PCSC,_debug -framework SecurityTokend,_debug -framework Security,_debug -framework security_cdsa_client,_debug -framework security_cdsa_utilities,_debug -framework security_utilities,_debug";
				OTHER_LDFLAGS_normal = "$(OPT_LDXFLAGS) $(OTHER_LDFLAGS) -framework tokend -framework PCSC -framework SecurityTokend -framework Security -framework security_cdsa_client$(OPT_LDXNOPIC) -framework security_cdsa_utilities$(OPT_LDXNOPIC) -framework security_utilities$(OPT_LDXNOPIC)";
				OTHER_LDFLAGS_profile = "$(OPT_LDXFLAGS) $(OTHER_LDFLAGS) -pg -framework tokend,_profile -framework PCSC,_profile -framework SecurityTokend,_profile -framework Security,_profile -framework security_cdsa_client,_profile  -framework security_cdsa_utilities,_profile -framework security_utilities,_profile";
				PRODUCT_NAME = OpenSC;
				VERSIONING_SYSTEM = "apple-generic";
				WARNING_CFLAGS = (
					"-Wmost",
					"-Wno-four-char-constants",
					"-Wno-unknown-pragmas",
				);
				WRAPPER_EXTENSION = tokend;
				ZERO_LINK = NO;
			};
			name = Deployment;
		};
		C27AD2230987FCDC001272E0 /* Development */ = {
			isa = XCBuildConfiguration;
			buildSettings = {
				ARCHS = x86_64;
				CLANG_CXX_LIBRARY = "libstdc++";
				CONFIGURATION_BUILD_DIR = "$(BUILD_DIR)";
				CONFIGURATION_TEMP_DIR = "$(PROJECT_TEMP_DIR)";
				PRECOMPS_INCLUDE_HEADERS_FROM_BUILT_PRODUCTS_DIR = YES;
				SDKROOT = /Applications/Xcode.app/Contents/Developer/Platforms/MacOSX.platform/Developer/SDKs/MacOSX10.9.sdk;
			};
			name = Development;
		};
		C27AD2240987FCDC001272E0 /* Deployment */ = {
			isa = XCBuildConfiguration;
			buildSettings = {
				ARCHS = x86_64;
				CLANG_CXX_LIBRARY = "libstdc++";
				CONFIGURATION_BUILD_DIR = "$(BUILD_DIR)";
				CONFIGURATION_TEMP_DIR = "$(PROJECT_TEMP_DIR)";
				PRECOMPS_INCLUDE_HEADERS_FROM_BUILT_PRODUCTS_DIR = YES;
				SDKROOT = /Applications/Xcode.app/Contents/Developer/Platforms/MacOSX.platform/Developer/SDKs/MacOSX10.9.sdk;
			};
			name = Deployment;
		};
/* End XCBuildConfiguration section */

/* Begin XCConfigurationList section */
		52B260450BC5A864007E00F1 /* Build configuration list for PBXNativeTarget "libtokend" */ = {
			isa = XCConfigurationList;
			buildConfigurations = (
				52B260460BC5A864007E00F1 /* Development */,
				52B260470BC5A864007E00F1 /* Deployment */,
			);
			defaultConfigurationIsVisible = 0;
			defaultConfigurationName = Deployment;
		};
		52B2605D0BC5A864007E00F1 /* Build configuration list for PBXNativeTarget "tokend" */ = {
			isa = XCConfigurationList;
			buildConfigurations = (
				52B2605E0BC5A864007E00F1 /* Development */,
				52B2605F0BC5A864007E00F1 /* Deployment */,
			);
			defaultConfigurationIsVisible = 0;
			defaultConfigurationName = Deployment;
		};
		5B59A25C0F4319FB003CD203 /* Build configuration list for PBXNativeTarget "OpenSC" */ = {
			isa = XCConfigurationList;
			buildConfigurations = (
				5B59A25D0F4319FB003CD203 /* Development */,
				5B59A25E0F4319FB003CD203 /* Deployment */,
			);
			defaultConfigurationIsVisible = 0;
			defaultConfigurationName = Deployment;
		};
		C27AD2220987FCDC001272E0 /* Build configuration list for PBXProject "Tokend" */ = {
			isa = XCConfigurationList;
			buildConfigurations = (
				C27AD2230987FCDC001272E0 /* Development */,
				C27AD2240987FCDC001272E0 /* Deployment */,
			);
			defaultConfigurationIsVisible = 0;
			defaultConfigurationName = Deployment;
		};
/* End XCConfigurationList section */
	};
	rootObject = 08FB7793FE84155DC02AAC07 /* Project object */;
}
